
Microsoft Visual Studio Solution File, Format Version 12.00
Project("{FAE04EC0-301F-11D3-BF4B-00C04F79EFBC}") = "DesafioIBGE", "DesafioIBGE\DesafioIBGE.csproj", "{DFC9B434-C19A-4016-A450-A3249B439901}"
EndProject
Project("{FAE04EC0-301F-11D3-BF4B-00C04F79EFBC}") = "DesafioIBGETest", "DesafioIBGETest\DesafioIBGETest.csproj", "{38E24BFB-F02A-4858-9774-7FDCF6D14D39}"
EndProject
Project("{2150E333-8FDC-42A3-9474-1A3956D46DE8}") = "Solution Items", "Solution Items", "{800825C0-3F86-4D36-9F84-77DE445AA33F}"
	ProjectSection(SolutionItems) = preProject
		docker-compose.yml = docker-compose.yml
	EndProjectSection
EndProject
Global
	GlobalSection(SolutionConfigurationPlatforms) = preSolution
		Debug|Any CPU = Debug|Any CPU
		Release|Any CPU = Release|Any CPU
	EndGlobalSection
	GlobalSection(ProjectConfigurationPlatforms) = postSolution
		{DFC9B434-C19A-4016-A450-A3249B439901}.Debug|Any CPU.ActiveCfg = Debug|Any CPU
		{DFC9B434-C19A-4016-A450-A3249B439901}.Debug|Any CPU.Build.0 = Debug|Any CPU
		{DFC9B434-C19A-4016-A450-A3249B439901}.Release|Any CPU.ActiveCfg = Release|Any CPU
		{DFC9B434-C19A-4016-A450-A3249B439901}.Release|Any CPU.Build.0 = Release|Any CPU
		{38E24BFB-F02A-4858-9774-7FDCF6D14D39}.Debug|Any CPU.ActiveCfg = Debug|Any CPU
		{38E24BFB-F02A-4858-9774-7FDCF6D14D39}.Debug|Any CPU.Build.0 = Debug|Any CPU
		{38E24BFB-F02A-4858-9774-7FDCF6D14D39}.Release|Any CPU.ActiveCfg = Release|Any CPU
		{38E24BFB-F02A-4858-9774-7FDCF6D14D39}.Release|Any CPU.Build.0 = Release|Any CPU
	EndGlobalSection
EndGlobal
